
Microsoft Visual Studio Solution File, Format Version 12.00
# Visual Studio Version 16
VisualStudioVersion = 16.0.31729.503
MinimumVisualStudioVersion = 10.0.40219.1
Project("{FAE04EC0-301F-11D3-BF4B-00C04F79EFBC}") = "BackPropag", "BackPropag\BackPropag.csproj", "{CCE7C274-A839-48D0-A481-AB256218465E}"
EndProject
Global
	GlobalSection(SolutionConfigurationPlatforms) = preSolution
		Debug|Any CPU = Debug|Any CPU
		Release|Any CPU = Release|Any CPU
	EndGlobalSection
	GlobalSection(ProjectConfigurationPlatforms) = postSolution
		{CCE7C274-A839-48D0-A481-AB256218465E}.Debug|Any CPU.ActiveCfg = Debug|Any CPU
		{CCE7C274-A839-48D0-A481-AB256218465E}.Debug|Any CPU.Build.0 = Debug|Any CPU
		{CCE7C274-A839-48D0-A481-AB256218465E}.Release|Any CPU.ActiveCfg = Release|Any CPU
		{CCE7C274-A839-48D0-A481-AB256218465E}.Release|Any CPU.Build.0 = Release|Any CPU
	EndGlobalSection
	GlobalSection(SolutionProperties) = preSolution
		HideSolutionNode = FALSE
	EndGlobalSection
	GlobalSection(ExtensibilityGlobals) = postSolution
		SolutionGuid = {D68C3FC4-AAB1-476B-8302-16BA3F134433}
	EndGlobalSection
EndGlobal
